
Microsoft Visual Studio Solution File, Format Version 12.00
# Visual Studio Version 16
VisualStudioVersion = 16.0.808.4
MinimumVisualStudioVersion = 10.0.40219.1
Project("{FAE04EC0-301F-11D3-BF4B-00C04F79EFBC}") = "TrainingTrackerAPI", "TrainingTrackerAPI\TrainingTrackerAPI.csproj", "{F5D2239C-7D9B-4AE9-8BC6-877C641EA22D}"
EndProject
Global
	GlobalSection(SolutionConfigurationPlatforms) = preSolution
		Debug|Any CPU = Debug|Any CPU
		Release|Any CPU = Release|Any CPU
	EndGlobalSection
	GlobalSection(ProjectConfigurationPlatforms) = postSolution
		{F5D2239C-7D9B-4AE9-8BC6-877C641EA22D}.Debug|Any CPU.ActiveCfg = Debug|Any CPU
		{F5D2239C-7D9B-4AE9-8BC6-877C641EA22D}.Debug|Any CPU.Build.0 = Debug|Any CPU
		{F5D2239C-7D9B-4AE9-8BC6-877C641EA22D}.Release|Any CPU.ActiveCfg = Release|Any CPU
		{F5D2239C-7D9B-4AE9-8BC6-877C641EA22D}.Release|Any CPU.Build.0 = Release|Any CPU
	EndGlobalSection
	GlobalSection(SolutionProperties) = preSolution
		HideSolutionNode = FALSE
	EndGlobalSection
	GlobalSection(ExtensibilityGlobals) = postSolution
		SolutionGuid = {ACFD77CD-4F53-406E-B00C-8021A8D67E89}
	EndGlobalSection
EndGlobal
